// !$*UTF8*$!
{
	archiveVersion = 1;
	classes = {
	};
	objectVersion = 50;
	objects = {

/* Begin PBXBuildFile section */
		125215BA25DBB4BD006F3FB2 /* AppDelegate.swift in Sources */ = {isa = PBXBuildFile; fileRef = 125215B925DBB4BD006F3FB2 /* AppDelegate.swift */; };
		125215BC25DBB4BD006F3FB2 /* SceneDelegate.swift in Sources */ = {isa = PBXBuildFile; fileRef = 125215BB25DBB4BD006F3FB2 /* SceneDelegate.swift */; };
		125215BE25DBB4BD006F3FB2 /* ContentView.swift in Sources */ = {isa = PBXBuildFile; fileRef = 125215BD25DBB4BD006F3FB2 /* ContentView.swift */; };
		125215C025DBB4C1006F3FB2 /* Assets.xcassets in Resources */ = {isa = PBXBuildFile; fileRef = 125215BF25DBB4C1006F3FB2 /* Assets.xcassets */; };
		125215C325DBB4C1006F3FB2 /* Preview Assets.xcassets in Resources */ = {isa = PBXBuildFile; fileRef = 125215C225DBB4C1006F3FB2 /* Preview Assets.xcassets */; };
		125215C625DBB4C1006F3FB2 /* LaunchScreen.storyboard in Resources */ = {isa = PBXBuildFile; fileRef = 125215C425DBB4C1006F3FB2 /* LaunchScreen.storyboard */; };
		125215CE25DC0E0C006F3FB2 /* Person.swift in Sources */ = {isa = PBXBuildFile; fileRef = 125215CD25DC0E0C006F3FB2 /* Person.swift */; };
		125215D025DC1096006F3FB2 /* ImagePicker.swift in Sources */ = {isa = PBXBuildFile; fileRef = 125215CF25DC1096006F3FB2 /* ImagePicker.swift */; };
		125215D225DC44D4006F3FB2 /* ImageUtilities.swift in Sources */ = {isa = PBXBuildFile; fileRef = 125215D125DC44D4006F3FB2 /* ImageUtilities.swift */; };
		125215D425DC483A006F3FB2 /* PersonsViewModel.swift in Sources */ = {isa = PBXBuildFile; fileRef = 125215D325DC483A006F3FB2 /* PersonsViewModel.swift */; };
		125215D625DD478D006F3FB2 /* AddPersonView.swift in Sources */ = {isa = PBXBuildFile; fileRef = 125215D525DD478D006F3FB2 /* AddPersonView.swift */; };
		12D5D98625DFFA510005505E /* PersonDetailView.swift in Sources */ = {isa = PBXBuildFile; fileRef = 12D5D98525DFFA510005505E /* PersonDetailView.swift */; };
/* End PBXBuildFile section */

/* Begin PBXFileReference section */
		125215B625DBB4BD006F3FB2 /* MeetBook.app */ = {isa = PBXFileReference; explicitFileType = wrapper.application; includeInIndex = 0; path = MeetBook.app; sourceTree = BUILT_PRODUCTS_DIR; };
		125215B925DBB4BD006F3FB2 /* AppDelegate.swift */ = {isa = PBXFileReference; lastKnownFileType = sourcecode.swift; path = AppDelegate.swift; sourceTree = "<group>"; };
		125215BB25DBB4BD006F3FB2 /* SceneDelegate.swift */ = {isa = PBXFileReference; lastKnownFileType = sourcecode.swift; path = SceneDelegate.swift; sourceTree = "<group>"; };
		125215BD25DBB4BD006F3FB2 /* ContentView.swift */ = {isa = PBXFileReference; lastKnownFileType = sourcecode.swift; path = ContentView.swift; sourceTree = "<group>"; };
		125215BF25DBB4C1006F3FB2 /* Assets.xcassets */ = {isa = PBXFileReference; lastKnownFileType = folder.assetcatalog; path = Assets.xcassets; sourceTree = "<group>"; };
		125215C225DBB4C1006F3FB2 /* Preview Assets.xcassets */ = {isa = PBXFileReference; lastKnownFileType = folder.assetcatalog; path = "Preview Assets.xcassets"; sourceTree = "<group>"; };
		125215C525DBB4C1006F3FB2 /* Base */ = {isa = PBXFileReference; lastKnownFileType = file.storyboard; name = Base; path = Base.lproj/LaunchScreen.storyboard; sourceTree = "<group>"; };
		125215C725DBB4C1006F3FB2 /* Info.plist */ = {isa = PBXFileReference; lastKnownFileType = text.plist.xml; path = Info.plist; sourceTree = "<group>"; };
		125215CD25DC0E0C006F3FB2 /* Person.swift */ = {isa = PBXFileReference; lastKnownFileType = sourcecode.swift; path = Person.swift; sourceTree = "<group>"; };
		125215CF25DC1096006F3FB2 /* ImagePicker.swift */ = {isa = PBXFileReference; lastKnownFileType = sourcecode.swift; path = ImagePicker.swift; sourceTree = "<group>"; };
		125215D125DC44D4006F3FB2 /* ImageUtilities.swift */ = {isa = PBXFileReference; lastKnownFileType = sourcecode.swift; path = ImageUtilities.swift; sourceTree = "<group>"; };
		125215D325DC483A006F3FB2 /* PersonsViewModel.swift */ = {isa = PBXFileReference; lastKnownFileType = sourcecode.swift; path = PersonsViewModel.swift; sourceTree = "<group>"; };
		125215D525DD478D006F3FB2 /* AddPersonView.swift */ = {isa = PBXFileReference; lastKnownFileType = sourcecode.swift; path = AddPersonView.swift; sourceTree = "<group>"; };
		12D5D98525DFFA510005505E /* PersonDetailView.swift */ = {isa = PBXFileReference; lastKnownFileType = sourcecode.swift; path = PersonDetailView.swift; sourceTree = "<group>"; };
/* End PBXFileReference section */

/* Begin PBXFrameworksBuildPhase section */
		125215B325DBB4BD006F3FB2 /* Frameworks */ = {
			isa = PBXFrameworksBuildPhase;
			buildActionMask = 2147483647;
			files = (
			);
			runOnlyForDeploymentPostprocessing = 0;
		};
/* End PBXFrameworksBuildPhase section */

/* Begin PBXGroup section */
		125215AD25DBB4BD006F3FB2 = {
			isa = PBXGroup;
			children = (
				125215B825DBB4BD006F3FB2 /* MeetBook */,
				125215B725DBB4BD006F3FB2 /* Products */,
			);
			sourceTree = "<group>";
		};
		125215B725DBB4BD006F3FB2 /* Products */ = {
			isa = PBXGroup;
			children = (
				125215B625DBB4BD006F3FB2 /* MeetBook.app */,
			);
			name = Products;
			sourceTree = "<group>";
		};
		125215B825DBB4BD006F3FB2 /* MeetBook */ = {
			isa = PBXGroup;
			children = (
				125215B925DBB4BD006F3FB2 /* AppDelegate.swift */,
				125215BB25DBB4BD006F3FB2 /* SceneDelegate.swift */,
				12D5D98B25E008710005505E /* ViewController */,
				12D5D98725E007DE0005505E /* View */,
				12D5D98825E0082D0005505E /* Model */,
				12D5D98925E008400005505E /* ImageUtilities */,
				125215BF25DBB4C1006F3FB2 /* Assets.xcassets */,
				125215C425DBB4C1006F3FB2 /* LaunchScreen.storyboard */,
				125215C725DBB4C1006F3FB2 /* Info.plist */,
				125215C125DBB4C1006F3FB2 /* Preview Content */,
			);
			path = MeetBook;
			sourceTree = "<group>";
		};
		125215C125DBB4C1006F3FB2 /* Preview Content */ = {
			isa = PBXGroup;
			children = (
				125215C225DBB4C1006F3FB2 /* Preview Assets.xcassets */,
			);
			path = "Preview Content";
			sourceTree = "<group>";
		};
		12D5D98725E007DE0005505E /* View */ = {
			isa = PBXGroup;
			children = (
				125215BD25DBB4BD006F3FB2 /* ContentView.swift */,
				12D5D98525DFFA510005505E /* PersonDetailView.swift */,
				125215D525DD478D006F3FB2 /* AddPersonView.swift */,
			);
			path = View;
			sourceTree = "<group>";
		};
		12D5D98825E0082D0005505E /* Model */ = {
			isa = PBXGroup;
			children = (
				125215CD25DC0E0C006F3FB2 /* Person.swift */,
				12D5D98A25E0085E0005505E /* PersonsViewModel */,
			);
			path = Model;
			sourceTree = "<group>";
		};
		12D5D98925E008400005505E /* ImageUtilities */ = {
			isa = PBXGroup;
			children = (
				125215D125DC44D4006F3FB2 /* ImageUtilities.swift */,
			);
			path = ImageUtilities;
			sourceTree = "<group>";
		};
		12D5D98A25E0085E0005505E /* PersonsViewModel */ = {
			isa = PBXGroup;
			children = (
				125215D325DC483A006F3FB2 /* PersonsViewModel.swift */,
			);
			path = PersonsViewModel;
			sourceTree = "<group>";
		};
		12D5D98B25E008710005505E /* ViewController */ = {
			isa = PBXGroup;
			children = (
				125215CF25DC1096006F3FB2 /* ImagePicker.swift */,
			);
			path = ViewController;
			sourceTree = "<group>";
		};
/* End PBXGroup section */

/* Begin PBXNativeTarget section */
		125215B525DBB4BD006F3FB2 /* MeetBook */ = {
			isa = PBXNativeTarget;
			buildConfigurationList = 125215CA25DBB4C1006F3FB2 /* Build configuration list for PBXNativeTarget "MeetBook" */;
			buildPhases = (
				125215B225DBB4BD006F3FB2 /* Sources */,
				125215B325DBB4BD006F3FB2 /* Frameworks */,
				125215B425DBB4BD006F3FB2 /* Resources */,
			);
			buildRules = (
			);
			dependencies = (
			);
			name = MeetBook;
			productName = MeetBook;
			productReference = 125215B625DBB4BD006F3FB2 /* MeetBook.app */;
			productType = "com.apple.product-type.application";
		};
/* End PBXNativeTarget section */

/* Begin PBXProject section */
		125215AE25DBB4BD006F3FB2 /* Project object */ = {
			isa = PBXProject;
			attributes = {
				LastSwiftUpdateCheck = 1150;
				LastUpgradeCheck = 1150;
				ORGANIZATIONNAME = "varun bhoir";
				TargetAttributes = {
					125215B525DBB4BD006F3FB2 = {
						CreatedOnToolsVersion = 11.5;
					};
				};
			};
			buildConfigurationList = 125215B125DBB4BD006F3FB2 /* Build configuration list for PBXProject "MeetBook" */;
			compatibilityVersion = "Xcode 9.3";
			developmentRegion = en;
			hasScannedForEncodings = 0;
			knownRegions = (
				en,
				Base,
			);
			mainGroup = 125215AD25DBB4BD006F3FB2;
			productRefGroup = 125215B725DBB4BD006F3FB2 /* Products */;
			projectDirPath = "";
			projectRoot = "";
			targets = (
				125215B525DBB4BD006F3FB2 /* MeetBook */,
			);
		};
/* End PBXProject section */

/* Begin PBXResourcesBuildPhase section */
		125215B425DBB4BD006F3FB2 /* Resources */ = {
			isa = PBXResourcesBuildPhase;
			buildActionMask = 2147483647;
			files = (
				125215C625DBB4C1006F3FB2 /* LaunchScreen.storyboard in Resources */,
				125215C325DBB4C1006F3FB2 /* Preview Assets.xcassets in Resources */,
				125215C025DBB4C1006F3FB2 /* Assets.xcassets in Resources */,
			);
			runOnlyForDeploymentPostprocessing = 0;
		};
/* End PBXResourcesBuildPhase section */

/* Begin PBXSourcesBuildPhase section */
		125215B225DBB4BD006F3FB2 /* Sources */ = {
			isa = PBXSourcesBuildPhase;
			buildActionMask = 2147483647;
			files = (
				125215BA25DBB4BD006F3FB2 /* AppDelegate.swift in Sources */,
				125215D425DC483A006F3FB2 /* PersonsViewModel.swift in Sources */,
				125215BC25DBB4BD006F3FB2 /* SceneDelegate.swift in Sources */,
				125215D025DC1096006F3FB2 /* ImagePicker.swift in Sources */,
				12D5D98625DFFA510005505E /* PersonDetailView.swift in Sources */,
				125215CE25DC0E0C006F3FB2 /* Person.swift in Sources */,
				125215D225DC44D4006F3FB2 /* ImageUtilities.swift in Sources */,
				125215BE25DBB4BD006F3FB2 /* ContentView.swift in Sources */,
				125215D625DD478D006F3FB2 /* AddPersonView.swift in Sources */,
			);
			runOnlyForDeploymentPostprocessing = 0;
		};
/* End PBXSourcesBuildPhase section */

/* Begin PBXVariantGroup section */
		125215C425DBB4C1006F3FB2 /* LaunchScreen.storyboard */ = {
			isa = PBXVariantGroup;
			children = (
				125215C525DBB4C1006F3FB2 /* Base */,
			);
			name = LaunchScreen.storyboard;
			sourceTree = "<group>";
		};
/* End PBXVariantGroup section */

/* Begin XCBuildConfiguration section */
		125215C825DBB4C1006F3FB2 /* Debug */ = {
			isa = XCBuildConfiguration;
			buildSettings = {
				ALWAYS_SEARCH_USER_PATHS = NO;
				CLANG_ANALYZER_NONNULL = YES;
				CLANG_ANALYZER_NUMBER_OBJECT_CONVERSION = YES_AGGRESSIVE;
				CLANG_CXX_LANGUAGE_STANDARD = "gnu++14";
				CLANG_CXX_LIBRARY = "libc++";
				CLANG_ENABLE_MODULES = YES;
				CLANG_ENABLE_OBJC_ARC = YES;
				CLANG_ENABLE_OBJC_WEAK = YES;
				CLANG_WARN_BLOCK_CAPTURE_AUTORELEASING = YES;
				CLANG_WARN_BOOL_CONVERSION = YES;
				CLANG_WARN_COMMA = YES;
				CLANG_WARN_CONSTANT_CONVERSION = YES;
				CLANG_WARN_DEPRECATED_OBJC_IMPLEMENTATIONS = YES;
				CLANG_WARN_DIRECT_OBJC_ISA_USAGE = YES_ERROR;
				CLANG_WARN_DOCUMENTATION_COMMENTS = YES;
				CLANG_WARN_EMPTY_BODY = YES;
				CLANG_WARN_ENUM_CONVERSION = YES;
				CLANG_WARN_INFINITE_RECURSION = YES;
				CLANG_WARN_INT_CONVERSION = YES;
				CLANG_WARN_NON_LITERAL_NULL_CONVERSION = YES;
				CLANG_WARN_OBJC_IMPLICIT_RETAIN_SELF = YES;
				CLANG_WARN_OBJC_LITERAL_CONVERSION = YES;
				CLANG_WARN_OBJC_ROOT_CLASS = YES_ERROR;
				CLANG_WARN_RANGE_LOOP_ANALYSIS = YES;
				CLANG_WARN_STRICT_PROTOTYPES = YES;
				CLANG_WARN_SUSPICIOUS_MOVE = YES;
				CLANG_WARN_UNGUARDED_AVAILABILITY = YES_AGGRESSIVE;
				CLANG_WARN_UNREACHABLE_CODE = YES;
				CLANG_WARN__DUPLICATE_METHOD_MATCH = YES;
				COPY_PHASE_STRIP = NO;
				DEBUG_INFORMATION_FORMAT = dwarf;
				ENABLE_STRICT_OBJC_MSGSEND = YES;
				ENABLE_TESTABILITY = YES;
				GCC_C_LANGUAGE_STANDARD = gnu11;
				GCC_DYNAMIC_NO_PIC = NO;
				GCC_NO_COMMON_BLOCKS = YES;
				GCC_OPTIMIZATION_LEVEL = 0;
				GCC_PREPROCESSOR_DEFINITIONS = (
					"DEBUG=1",
					"$(inherited)",
				);
				GCC_WARN_64_TO_32_BIT_CONVERSION = YES;
				GCC_WARN_ABOUT_RETURN_TYPE = YES_ERROR;
				GCC_WARN_UNDECLARED_SELECTOR = YES;
				GCC_WARN_UNINITIALIZED_AUTOS = YES_AGGRESSIVE;
				GCC_WARN_UNUSED_FUNCTION = YES;
				GCC_WARN_UNUSED_VARIABLE = YES;
				IPHONEOS_DEPLOYMENT_TARGET = 13.5;
				MTL_ENABLE_DEBUG_INFO = INCLUDE_SOURCE;
				MTL_FAST_MATH = YES;
				ONLY_ACTIVE_ARCH = YES;
				SDKROOT = iphoneos;
				SWIFT_ACTIVE_COMPILATION_CONDITIONS = DEBUG;
				SWIFT_OPTIMIZATION_LEVEL = "-Onone";
			};
			name = Debug;
		};
		125215C925DBB4C1006F3FB2 /* Release */ = {
			isa = XCBuildConfiguration;
			buildSettings = {
				ALWAYS_SEARCH_USER_PATHS = NO;
				CLANG_ANALYZER_NONNULL = YES;
				CLANG_ANALYZER_NUMBER_OBJECT_CONVERSION = YES_AGGRESSIVE;
				CLANG_CXX_LANGUAGE_STANDARD = "gnu++14";
				CLANG_CXX_LIBRARY = "libc++";
				CLANG_ENABLE_MODULES = YES;
				CLANG_ENABLE_OBJC_ARC = YES;
				CLANG_ENABLE_OBJC_WEAK = YES;
				CLANG_WARN_BLOCK_CAPTURE_AUTORELEASING = YES;
				CLANG_WARN_BOOL_CONVERSION = YES;
				CLANG_WARN_COMMA = YES;
				CLANG_WARN_CONSTANT_CONVERSION = YES;
				CLANG_WARN_DEPRECATED_OBJC_IMPLEMENTATIONS = YES;
				CLANG_WARN_DIRECT_OBJC_ISA_USAGE = YES_ERROR;
				CLANG_WARN_DOCUMENTATION_COMMENTS = YES;
				CLANG_WARN_EMPTY_BODY = YES;
				CLANG_WARN_ENUM_CONVERSION = YES;
				CLANG_WARN_INFINITE_RECURSION = YES;
				CLANG_WARN_INT_CONVERSION = YES;
				CLANG_WARN_NON_LITERAL_NULL_CONVERSION = YES;
				CLANG_WARN_OBJC_IMPLICIT_RETAIN_SELF = YES;
				CLANG_WARN_OBJC_LITERAL_CONVERSION = YES;
				CLANG_WARN_OBJC_ROOT_CLASS = YES_ERROR;
				CLANG_WARN_RANGE_LOOP_ANALYSIS = YES;
				CLANG_WARN_STRICT_PROTOTYPES = YES;
				CLANG_WARN_SUSPICIOUS_MOVE = YES;
				CLANG_WARN_UNGUARDED_AVAILABILITY = YES_AGGRESSIVE;
				CLANG_WARN_UNREACHABLE_CODE = YES;
				CLANG_WARN__DUPLICATE_METHOD_MATCH = YES;
				COPY_PHASE_STRIP = NO;
				DEBUG_INFORMATION_FORMAT = "dwarf-with-dsym";
				ENABLE_NS_ASSERTIONS = NO;
				ENABLE_STRICT_OBJC_MSGSEND = YES;
				GCC_C_LANGUAGE_STANDARD = gnu11;
				GCC_NO_COMMON_BLOCKS = YES;
				GCC_WARN_64_TO_32_BIT_CONVERSION = YES;
				GCC_WARN_ABOUT_RETURN_TYPE = YES_ERROR;
				GCC_WARN_UNDECLARED_SELECTOR = YES;
				GCC_WARN_UNINITIALIZED_AUTOS = YES_AGGRESSIVE;
				GCC_WARN_UNUSED_FUNCTION = YES;
				GCC_WARN_UNUSED_VARIABLE = YES;
				IPHONEOS_DEPLOYMENT_TARGET = 13.5;
				MTL_ENABLE_DEBUG_INFO = NO;
				MTL_FAST_MATH = YES;
				SDKROOT = iphoneos;
				SWIFT_COMPILATION_MODE = wholemodule;
				SWIFT_OPTIMIZATION_LEVEL = "-O";
				VALIDATE_PRODUCT = YES;
			};
			name = Release;
		};
		125215CB25DBB4C1006F3FB2 /* Debug */ = {
			isa = XCBuildConfiguration;
			buildSettings = {
				ASSETCATALOG_COMPILER_APPICON_NAME = AppIcon;
				CODE_SIGN_STYLE = Automatic;
				DEVELOPMENT_ASSET_PATHS = "\"MeetBook/Preview Content\"";
				DEVELOPMENT_TEAM = 895V8DXL3F;
				ENABLE_PREVIEWS = YES;
				INFOPLIST_FILE = MeetBook/Info.plist;
				LD_RUNPATH_SEARCH_PATHS = (
					"$(inherited)",
					"@executable_path/Frameworks",
				);
				PRODUCT_BUNDLE_IDENTIFIER = rutu.MeetBook;
				PRODUCT_NAME = "$(TARGET_NAME)";
				SWIFT_VERSION = 5.0;
				TARGETED_DEVICE_FAMILY = "1,2";
			};
			name = Debug;
		};
		125215CC25DBB4C1006F3FB2 /* Release */ = {
			isa = XCBuildConfiguration;
			buildSettings = {
				ASSETCATALOG_COMPILER_APPICON_NAME = AppIcon;
				CODE_SIGN_STYLE = Automatic;
				DEVELOPMENT_ASSET_PATHS = "\"MeetBook/Preview Content\"";
				DEVELOPMENT_TEAM = 895V8DXL3F;
				ENABLE_PREVIEWS = YES;
				INFOPLIST_FILE = MeetBook/Info.plist;
				LD_RUNPATH_SEARCH_PATHS = (
					"$(inherited)",
					"@executable_path/Frameworks",
				);
				PRODUCT_BUNDLE_IDENTIFIER = rutu.MeetBook;
				PRODUCT_NAME = "$(TARGET_NAME)";
				SWIFT_VERSION = 5.0;
				TARGETED_DEVICE_FAMILY = "1,2";
			};
			name = Release;
		};
/* End XCBuildConfiguration section */

/* Begin XCConfigurationList section */
		125215B125DBB4BD006F3FB2 /* Build configuration list for PBXProject "MeetBook" */ = {
			isa = XCConfigurationList;
			buildConfigurations = (
				125215C825DBB4C1006F3FB2 /* Debug */,
				125215C925DBB4C1006F3FB2 /* Release */,
			);
			defaultConfigurationIsVisible = 0;
			defaultConfigurationName = Release;
		};
		125215CA25DBB4C1006F3FB2 /* Build configuration list for PBXNativeTarget "MeetBook" */ = {
			isa = XCConfigurationList;
			buildConfigurations = (
				125215CB25DBB4C1006F3FB2 /* Debug */,
				125215CC25DBB4C1006F3FB2 /* Release */,
			);
			defaultConfigurationIsVisible = 0;
			defaultConfigurationName = Release;
		};
/* End XCConfigurationList section */
	};
	rootObject = 125215AE25DBB4BD006F3FB2 /* Project object */;
}
